
Microsoft Visual Studio Solution File, Format Version 12.00
# Visual Studio Version 17
VisualStudioVersion = 17.3.32901.215
MinimumVisualStudioVersion = 10.0.40219.1
Project("{FAE04EC0-301F-11D3-BF4B-00C04F79EFBC}") = "Exercicio_POO_22_Demonstracao_LINQ", "Exercicio_POO_22_Demonstracao_LINQ.csproj", "{40ABFCCE-FBE8-4022-9D16-53C20E3665A6}"
EndProject
Global
	GlobalSection(SolutionConfigurationPlatforms) = preSolution
		Debug|Any CPU = Debug|Any CPU
		Release|Any CPU = Release|Any CPU
	EndGlobalSection
	GlobalSection(ProjectConfigurationPlatforms) = postSolution
		{40ABFCCE-FBE8-4022-9D16-53C20E3665A6}.Debug|Any CPU.ActiveCfg = Debug|Any CPU
		{40ABFCCE-FBE8-4022-9D16-53C20E3665A6}.Debug|Any CPU.Build.0 = Debug|Any CPU
		{40ABFCCE-FBE8-4022-9D16-53C20E3665A6}.Release|Any CPU.ActiveCfg = Release|Any CPU
		{40ABFCCE-FBE8-4022-9D16-53C20E3665A6}.Release|Any CPU.Build.0 = Release|Any CPU
	EndGlobalSection
	GlobalSection(SolutionProperties) = preSolution
		HideSolutionNode = FALSE
	EndGlobalSection
	GlobalSection(ExtensibilityGlobals) = postSolution
		SolutionGuid = {F5AAFC4F-1B9F-44BD-B03E-B620E6963E48}
	EndGlobalSection
EndGlobal
